
Microsoft Visual Studio Solution File, Format Version 12.00
# Visual Studio 2013
VisualStudioVersion = 12.0.21005.1
MinimumVisualStudioVersion = 10.0.40219.1
Project("{FAE04EC0-301F-11D3-BF4B-00C04F79EFBC}") = "01Prospect InHospitality", "01Prospect InHospitality\01Prospect InHospitality.csproj", "{41469D7D-AAEC-48C7-8E19-D147906453DB}"
EndProject
Project("{FAE04EC0-301F-11D3-BF4B-00C04F79EFBC}") = "01Task1", "01Task1\01Task1.csproj", "{EE417EC7-33BA-4D26-B95C-0BDAE4EE4646}"
EndProject
Project("{FAE04EC0-301F-11D3-BF4B-00C04F79EFBC}") = "WiggleWiggle", "02Task2\WiggleWiggle.csproj", "{0D467914-57D5-4141-9999-E330D48B8CD8}"
EndProject
Project("{FAE04EC0-301F-11D3-BF4B-00C04F79EFBC}") = "04LightTheTorches", "04LightTheTorches\04LightTheTorches.csproj", "{261C0D3A-E913-4722-A54B-4717437E03AB}"
EndProject
Global
	GlobalSection(SolutionConfigurationPlatforms) = preSolution
		Debug|Any CPU = Debug|Any CPU
		Release|Any CPU = Release|Any CPU
	EndGlobalSection
	GlobalSection(ProjectConfigurationPlatforms) = postSolution
		{41469D7D-AAEC-48C7-8E19-D147906453DB}.Debug|Any CPU.ActiveCfg = Debug|Any CPU
		{41469D7D-AAEC-48C7-8E19-D147906453DB}.Debug|Any CPU.Build.0 = Debug|Any CPU
		{41469D7D-AAEC-48C7-8E19-D147906453DB}.Release|Any CPU.ActiveCfg = Release|Any CPU
		{41469D7D-AAEC-48C7-8E19-D147906453DB}.Release|Any CPU.Build.0 = Release|Any CPU
		{EE417EC7-33BA-4D26-B95C-0BDAE4EE4646}.Debug|Any CPU.ActiveCfg = Debug|Any CPU
		{EE417EC7-33BA-4D26-B95C-0BDAE4EE4646}.Debug|Any CPU.Build.0 = Debug|Any CPU
		{EE417EC7-33BA-4D26-B95C-0BDAE4EE4646}.Release|Any CPU.ActiveCfg = Release|Any CPU
		{EE417EC7-33BA-4D26-B95C-0BDAE4EE4646}.Release|Any CPU.Build.0 = Release|Any CPU
		{0D467914-57D5-4141-9999-E330D48B8CD8}.Debug|Any CPU.ActiveCfg = Debug|Any CPU
		{0D467914-57D5-4141-9999-E330D48B8CD8}.Debug|Any CPU.Build.0 = Debug|Any CPU
		{0D467914-57D5-4141-9999-E330D48B8CD8}.Release|Any CPU.ActiveCfg = Release|Any CPU
		{0D467914-57D5-4141-9999-E330D48B8CD8}.Release|Any CPU.Build.0 = Release|Any CPU
		{261C0D3A-E913-4722-A54B-4717437E03AB}.Debug|Any CPU.ActiveCfg = Debug|Any CPU
		{261C0D3A-E913-4722-A54B-4717437E03AB}.Debug|Any CPU.Build.0 = Debug|Any CPU
		{261C0D3A-E913-4722-A54B-4717437E03AB}.Release|Any CPU.ActiveCfg = Release|Any CPU
		{261C0D3A-E913-4722-A54B-4717437E03AB}.Release|Any CPU.Build.0 = Release|Any CPU
	EndGlobalSection
	GlobalSection(SolutionProperties) = preSolution
		HideSolutionNode = FALSE
	EndGlobalSection
EndGlobal
